
--boundary_.oOo._K43xbuLfYjJdGbB/CrE4nY/tYW5FCIdQ
Content-Length: 1026
Content-Type: application/octet-stream
X-File-MD5: 0f1b4fbeaf2b26327e9c63b7a4de8f2e
X-File-Mtime: 1683453221
X-File-Path: /GitHub/ShowCase/VisualStudioHandmadeThemes/WarmNCozy/obj/Debug/extension.vsixmanifest

<PackageManifest Version="2.0.0" xmlns="http://schemas.microsoft.com/developer/vsx-schema/2011">
  <Metadata>
    <Identity Id="WarmNCozy.e1e706e2-05d3-4da9-8754-652cd8ab65f4" Version="1.0" Language="en-US" Publisher="Scy" />
    <DisplayName>WarmNCozy</DisplayName>
    <Description xml:space="preserve">VSTheme project.</Description>
  </Metadata>
  <Installation>
    <InstallationTarget Id="Microsoft.VisualStudio.Community" Version="[17.0, 18.0)">
      <ProductArchitecture>amd64</ProductArchitecture>
    </InstallationTarget>
  </Installation>
  <Dependencies>
    <Dependency Id="Microsoft.Framework.NDP" DisplayName="Microsoft .NET Framework" Version="[4.5,)" />
  </Dependencies>
  <Prerequisites>
    <Prerequisite Id="Microsoft.VisualStudio.Component.CoreEditor" Version="[17.0,18.0)" DisplayName="Visual Studio core editor" />
  </Prerequisites>
  <Assets>
    <Asset Type="Microsoft.VisualStudio.VsPackage" Path="|%CurrentProject%;PkgdefProjectOutputGroup|" />
  </Assets>
</PackageManifest>
--boundary_.oOo._K43xbuLfYjJdGbB/CrE4nY/tYW5FCIdQ
Content-Length: 502741
Content-Type: application/octet-stream
X-File-MD5: 467d468bdfa0fa8ff537b6bd04280a68
X-File-Mtime: 1682952620
X-File-Path: /GitHub/ShowCase/VisualStudioHandmadeThemes/WarmNCozy/CustomTheme.vstheme

﻿<Themes>
  <Theme Name="WarmNCozy (1)" GUID="{9dd67987-b04d-496d-bc7f-c76d249915b6}" BaseGUID="{de3dbbcd-f642-433c-8353-8f1df4370aba}">
    <Category Name="ACDCOverview" GUID="{c8887ac6-3c60-4209-9d69-8f4c12a60044}">
      <Color Name="NumberedListItemActive">
        <Background Type="CT_RAW" Source="FF3399FF" />
        <Foreground Type="CT_RAW" Source="FFFFFCEA" />
      </Color>
      <Color Name="NumberedListItemActiveBorder">
        <Background Type="CT_RAW" Source="FF3399FF" />
      </Color>
      <Color Name="NumberedListItemHoverBorder">
        <Foreground Type="CT_RAW" Source="FFF1A661" />
      </Color>
      <Color Name="Chevron">
        <Foreground Type="CT_RAW" Source="FF886224" />
      </Color>
      <Color Name="ContentSectionHeader">
        <Foreground Type="CT_RAW" Source="FF886224" />
      </Color>
      <Color Name="H1">
        <Foreground Type="CT_RAW" Source="FF886224" />
      </Color>
      <Color Name="Body">
        <Background Type="CT_RAW" Source="FFFFFCEA" />
        <Foreground Type="CT_RAW" Source="FFD6C4AC" />
      </Color>
      <Color Name="NumberedListItemHover">
        <Background Type="CT_RAW" Source="FFF1A661" />
      </Color>
      <Color Name="ContentSectionHeaderBorder">
        <Foreground Type="CT_RAW" Source="FFD6CDB2" />
      </Color>
      <Color Name="NumberedListItem">
        <Background Type="CT_RAW" Source="FF886224" />
        <Foreground Type="CT_RAW" Source="FFFFFCEA" />
      </Color>
      <Color Name="Hyperlink">
        <Foreground Type="CT_RAW" Source="FF006CBE" />
      </Color>
      <Color Name="HyperlinkActive">
        <Foreground Type="CT_RAW" Source="FFD6C4AC" />
      </Color>
      <Color Name="HyperlinkHover">
        <Foreground Type="CT_RAW" Source="FFD6C4AC" />
      </Color>
    </Category>
    <Category Name="ApplicationInsights" GUID="{badebe03-e60e-41de-8b51-5a379a844217}">
      <Color Name="Error">
        <Background Type="CT_RAW" Source="FF263238" />
      </Color>
      <Color Name="LiveMetricsFailedRequestStroke">
        <Background Type="CT_RAW" Source="FF263238" />
      </Color>
      <Color Name="LiveMetricsRequestStroke">
        <Background Type="CT_RAW" Source="FF263238" />
      </Color>
      <Color Name="Squiggly">
        <Background Type="CT_RAW" Source="FF263238" />
      </Color>
      <Color Name="Success">
        <Background Type="CT_RAW" Source="FF263238" />
      </Color>
      <Color Name="ConfigEditorHeader">
        <Background Type="CT_RAW" Source="FFFFFFFF" />
      </Color>
      <Color Name="ConfigEditorListPane">
        <Background Type="CT_RAW" Source="FF002B36" />
      </Color>
      <Color Name="ConfigEditorDetailPane">
        <Background Type="CT_RAW" Source="FF002B36" />
      </Color>
      <Color Name="ConfigEditorPrimaryNavPane">
        <Background Type="CT_RAW" Source="FF193549" />
      </Color>
      <Color Name="ConfigEditorSecondaryNavPane">
        <Background Type="CT_RAW" Source="FF002B36" />
      </Color>
      <Color Name="ConfigEditorLegalMessage">
        <Background Type="CT_RAW" Source="FF001419" />
      </Color>
      <Color Name="ConfigEditorPaneBorder">
        <Background Type="CT_RAW" Source="FFE5E5EB" />
      </Color>
      <Color Name="ConfigEditorDivisionBorder">
        <Background Type="CT_RAW" Source="FFE5E5EB" />
      </Color>
      <Color Name="ConfigEditorPrimaryNavItem">
        <Background Type="CT_RAW" Source="00FFFFFF" />
        <Foreground Type="CT_RAW" Source="FF839496" />
      </Color>
      <Color Name="ConfigEditorPrimaryNavItemHover">
        <Background Type="CT_RAW" Source="FF477786" />
        <Foreground Type="CT_RAW" Source="FF839496" />
      </Color>
      <Color Name="ConfigEditorPrimaryNavItemSelected">
        <Background Type="CT_RAW" Source="FF477786" />
        <Foreground Type="CT_RAW" Source="FFFFFFFF" />
      </Color>
      <Color Name="ConfigEditorPrimaryNavItemSecondarySelection">
        <Background Type="CT_RAW" Source="FF003C49" />
        <Foreground Type="CT_RAW" Source="FF839496" />
      </Color>
      <Color Name="ConfigEditorSecondaryNavItem">
        <Background Type="CT_RAW" Source="00FFFFFF" />
        <Foreground Type="CT_RAW" Source="FF839496" />
      </Color>
      <Color Name="ConfigEditorSecondaryNavItemBorder">
        <Background Type="CT_RAW" Source="00FFFFFF" />
      </Color>
      <Color Name="ConfigEditorSecondaryNavItemHover">
        <Background Type="CT_RAW" Source="00FFFFFF" />
        <Foreground Type="CT_RAW" Source="FF477786" />
      </Color>
      <Color Name="ConfigEditorSecondaryNavItemHoverBorder">
        <Background Type="CT_RAW" Source="00FFFFFF" />
      </Color>
      <Color Name="ConfigEditorSecondaryNavItemSelected">
        <Background Type="CT_RAW" Source="00FFFFFF" />
        <Foreground Type="CT_RAW" Source="FF0097FB" />
      </Color>
      <Color Name="ConfigEditorSecondaryNavItemSelectedBorder">
        <Background Type="CT_RAW" Source="FF268BD2" />
      </Color>
      <Color Name="ConfigEditorSecondaryNavItemPressed">
        <Background Type="CT_RAW" Source="00FFFFFF" />
        <Foreground Type="CT_RAW" Source="FF0097FB" />
      </Color>
      <Color Name="ConfigEditorSecondaryNavItemPressedBorder">
        <Background Type="CT_RAW" Source="00FFFFFF" />
      </Color>
      <Color Name="ConfigEditorPluginsStatusFeedback">
        <Background Type="CT_RAW" Source="FFD8E7F6" />
      </Color>
      <Color Name="ConfigEditorPluginsListItem">
        <Background Type="CT_RAW" Source="00FFFFFF" />
      </Color>
      <Color Name="ConfigEditorPluginsListItemHover">
        <Background Type="CT_RAW" Source="72193549" />
        <Foreground Type="CT_RAW" Source="FF839496" />
      </Color>
      <Color Name="ConfigEditorPluginsListItemSelected">
        <Background Type="CT_RAW" Source="FF477786" />
        <Foreground Type="CT_RAW" Source="FFFFFFFF" />
      </Color>
    </Category>
    <Category Name="Cider" GUID="{92d153ee-57d7-431f-a739-0931ca3f7f70}">
      <Color Name="ArtboardButton">
        <Background Type="CT_RAW" Source="FFFFFCEA" />
      </Color>
      <Color Name="Command">
        <Background Type="CT_RAW" Source="FFFFFCEA" />
        <Foreground Type="CT_RAW" Source="FFD6C4AC" />
      </Color>
      <Color Name="CommandDisabled">
        <Background Type="CT_RAW" Source="FFFFFCEA" />
        <Foreground Type="CT_RAW" Source="FFB08950" />
      </Color>
    