
Microsoft Visual Studio Solution File, Format Version 12.00
Project("{FAE04EC0-301F-11D3-BF4B-00C04F79EFBC}") = "SaarlandCalcV01", "SaarlandCalcV01.csproj", "{C2C6F881-EA65-4CFC-9C57-3ABC120E0958}"
EndProject
Global
	GlobalSection(SolutionConfigurationPlatforms) = preSolution
		Debug|Any CPU = Debug|Any CPU
		Release|Any CPU = Release|Any CPU
	EndGlobalSection
	GlobalSection(ProjectConfigurationPlatforms) = postSolution
		{C2C6F881-EA65-4CFC-9C57-3ABC120E0958}.Debug|Any CPU.ActiveCfg = Debug|Any CPU
		{C2C6F881-EA65-4CFC-9C57-3ABC120E0958}.Debug|Any CPU.Build.0 = Debug|Any CPU
		{C2C6F881-EA65-4CFC-9C57-3ABC120E0958}.Release|Any CPU.ActiveCfg = Release|Any CPU
		{C2C6F881-EA65-4CFC-9C57-3ABC120E0958}.Release|Any CPU.Build.0 = Release|Any CPU
	EndGlobalSection
EndGlobal
